github.com/ochanoco/ninsho v0.0.0-20231014222241-6103e2611dc4 h1:5kB4nqNjY5ICjstmR4KQ6GueNPuhWE3tfX2bC8gF3UM=
github.com/ochanoco/ninsho v0.0.0-20231014222241-6103e2611dc4/go.mod h1:vHTb63MeebxFSrHrPZXn0+TQIpdO3bfw8sU7LV8CypM=
github.com/ochanoco/ninsho v0.0.0-20231109151116-dad57567519a h1:X68vZrpXjB8gmkrmb5iniNCx7rdM5jBhBWhrR65p8OY=
github.com/ochanoco/ninsho v0.0.0-20231109151116-dad57567519a/go.mod h1:vHTb63MeebxFSrHrPZXn0+TQIpdO3bfw8sU7LV8CypM=
